
Microsoft Visual Studio Solution File, Format Version 12.00
# Visual Studio 15
VisualStudioVersion = 15.0.26124.0
MinimumVisualStudioVersion = 15.0.26124.0
Project("{2150E333-8FDC-42A3-9474-1A3956D46DE8}") = "src", "src", "{A7A617F4-0613-4EBF-99C6-3C9380794DC9}"
EndProject
Project("{FAE04EC0-301F-11D3-BF4B-00C04F79EFBC}") = "Seismic.Clean.Api", "src\Seismic.Clean.Api\Seismic.Clean.Api.csproj", "{C4B56ED6-1500-46F4-BFC6-9C1EBE79C44B}"
EndProject
Project("{FAE04EC0-301F-11D3-BF4B-00C04F79EFBC}") = "Seismic.Clean.Application", "src\Seismic.Clean.Application\Seismic.Clean.Application.csproj", "{7ADF2180-B079-4055-8514-6E8FFAE36FE1}"
EndProject
Project("{FAE04EC0-301F-11D3-BF4B-00C04F79EFBC}") = "Seismic.Clean.Domain", "src\Seismic.Clean.Domain\Seismic.Clean.Domain.csproj", "{3B26F0F6-AAD2-4723-9FEE-D6639CEF481E}"
EndProject
Project("{FAE04EC0-301F-11D3-BF4B-00C04F79EFBC}") = "Seismic.Clean.Infrastructure", "src\Seismic.Clean.Infrastructure\Seismic.Clean.Infrastructure.csproj", "{59586220-B366-438B-85EA-EFBE7426DDFE}"
EndProject
Project("{2150E333-8FDC-42A3-9474-1A3956D46DE8}") = "tests", "tests", "{2434EEF6-E95C-49F9-BDE7-24ECB1EB136C}"
EndProject
Project("{FAE04EC0-301F-11D3-BF4B-00C04F79EFBC}") = "Seismic.Clean.Api.Tests", "tests\Seismic.Clean.Api.Tests\Seismic.Clean.Api.Tests.csproj", "{FF5B9C74-408E-472A-9E8A-BCB33E5DD616}"
EndProject
Project("{FAE04EC0-301F-11D3-BF4B-00C04F79EFBC}") = "Seismic.Clean.Application.Tests", "tests\Seismic.Clean.Application.Tests\Seismic.Clean.Application.Tests.csproj", "{9EC0181E-4201-4F4A-B989-84B6CECBD09C}"
EndProject
Project("{FAE04EC0-301F-11D3-BF4B-00C04F79EFBC}") = "Seismic.Clean.Domain.Tests", "tests\Seismic.Clean.Domain.Tests\Seismic.Clean.Domain.Tests.csproj", "{C0F41AE3-921F-4C04-8462-AAA5A03FDBDB}"
EndProject
Project("{FAE04EC0-301F-11D3-BF4B-00C04F79EFBC}") = "Seismic.Clean.Infrastructure.Tests", "tests\Seismic.Clean.Infrastructure.Tests\Seismic.Clean.Infrastructure.Tests.csproj", "{25909F5E-BD23-4A45-9CC9-F538B835F357}"
EndProject
Project("{FAE04EC0-301F-11D3-BF4B-00C04F79EFBC}") = "Seismic.Clean.Integration.Tests", "tests\Seismic.Clean.Integration.Tests\Seismic.Clean.Integration.Tests.csproj", "{FCB8BA1B-EA28-4546-8137-63A881DFF193}"
EndProject
Global
	GlobalSection(SolutionConfigurationPlatforms) = preSolution
		Debug|Any CPU = Debug|Any CPU
		Debug|x64 = Debug|x64
		Debug|x86 = Debug|x86
		Release|Any CPU = Release|Any CPU
		Release|x64 = Release|x64
		Release|x86 = Release|x86
	EndGlobalSection
	GlobalSection(SolutionProperties) = preSolution
		HideSolutionNode = FALSE
	EndGlobalSection
	GlobalSection(ProjectConfigurationPlatforms) = postSolution
		{C4B56ED6-1500-46F4-BFC6-9C1EBE79C44B}.Debug|Any CPU.ActiveCfg = Debug|Any CPU
		{C4B56ED6-1500-46F4-BFC6-9C1EBE79C44B}.Debug|Any CPU.Build.0 = Debug|Any CPU
		{C4B56ED6-1500-46F4-BFC6-9C1EBE79C44B}.Debug|x64.ActiveCfg = Debug|Any CPU
		{C4B56ED6-1500-46F4-BFC6-9C1EBE79C44B}.Debug|x64.Build.0 = Debug|Any CPU
		{C4B56ED6-1500-46F4-BFC6-9C1EBE79C44B}.Debug|x86.ActiveCfg = Debug|Any CPU
		{C4B56ED6-1500-46F4-BFC6-9C1EBE79C44B}.Debug|x86.Build.0 = Debug|Any CPU
		{C4B56ED6-1500-46F4-BFC6-9C1EBE79C44B}.Release|Any CPU.ActiveCfg = Release|Any CPU
		{C4B56ED6-1500-46F4-BFC6-9C1EBE79C44B}.Release|Any CPU.Build.0 = Release|Any CPU
		{C4B56ED6-1500-46F4-BFC6-9C1EBE79C44B}.Release|x64.ActiveCfg = Release|Any CPU
		{C4B56ED6-1500-46F4-BFC6-9C1EBE79C44B}.Release|x64.Build.0 = Release|Any CPU
		{C4B56ED6-1500-46F4-BFC6-9C1EBE79C44B}.Release|x86.ActiveCfg = Release|Any CPU
		{C4B56ED6-1500-46F4-BFC6-9C1EBE79C44B}.Release|x86.Build.0 = Release|Any CPU
		{7ADF2180-B079-4055-8514-6E8FFAE36FE1}.Debug|Any CPU.ActiveCfg = Debug|Any CPU
		{7ADF2180-B079-4055-8514-6E8FFAE36FE1}.Debug|Any CPU.Build.0 = Debug|Any CPU
		{7ADF2180-B079-4055-8514-6E8FFAE36FE1}.Debug|x64.ActiveCfg = Debug|Any CPU
		{7ADF2180-B079-4055-8514-6E8FFAE36FE1}.Debug|x64.Build.0 = Debug|Any CPU
		{7ADF2180-B079-4055-8514-6E8FFAE36FE1}.Debug|x86.ActiveCfg = Debug|Any CPU
		{7ADF2180-B079-4055-8514-6E8FFAE36FE1}.Debug|x86.Build.0 = Debug|Any CPU
		{7ADF2180-B079-4055-8514-6E8FFAE36FE1}.Release|Any CPU.ActiveCfg = Release|Any CPU
		{7ADF2180-B079-4055-8514-6E8FFAE36FE1}.Release|Any CPU.Build.0 = Release|Any CPU
		{7ADF2180-B079-4055-8514-6E8FFAE36FE1}.Release|x64.ActiveCfg = Release|Any CPU
		{7ADF2180-B079-4055-8514-6E8FFAE36FE1}.Release|x64.Build.0 = Release|Any CPU
		{7ADF2180-B079-4055-8514-6E8FFAE36FE1}.Release|x86.ActiveCfg = Release|Any CPU
		{7ADF2180-B079-4055-8514-6E8FFAE36FE1}.Release|x86.Build.0 = Release|Any CPU
		{3B26F0F6-AAD2-4723-9FEE-D6639CEF481E}.Debug|Any CPU.ActiveCfg = Debug|Any CPU
		{3B26F0F6-AAD2-4723-9FEE-D6639CEF481E}.Debug|Any CPU.Build.0 = Debug|Any CPU
		{3B26F0F6-AAD2-4723-9FEE-D6639CEF481E}.Debug|x64.ActiveCfg = Debug|Any CPU
		{3B26F0F6-AAD2-4723-9FEE-D6639CEF481E}.Debug|x64.Build.0 = Debug|Any CPU
		{3B26F0F6-AAD2-4723-9FEE-D6639CEF481E}.Debug|x86.ActiveCfg = Debug|Any CPU
		{3B26F0F6-AAD2-4723-9FEE-D6639CEF481E}.Debug|x86.Build.0 = Debug|Any CPU
		{3B26F0F6-AAD2-4723-9FEE-D6639CEF481E}.Release|Any CPU.ActiveCfg = Release|Any CPU
		{3B26F0F6-AAD2-4723-9FEE-D6639CEF481E}.Release|Any CPU.Build.0 = Release|Any CPU
		{3B26F0F6-AAD2-4723-9FEE-D6639CEF481E}.Release|x64.ActiveCfg = Release|Any CPU
		{3B26F0F6-AAD2-4723-9FEE-D6639CEF481E}.Release|x64.Build.0 = Release|Any CPU
		{3B26F0F6-AAD2-4723-9FEE-D6639CEF481E}.Release|x86.ActiveCfg = Release|Any CPU
		{3B26F0F6-AAD2-4723-9FEE-D6639CEF481E}.Release|x86.Build.0 = Release|Any CPU
		{59586220-B366-438B-85EA-EFBE7426DDFE}.Debug|Any CPU.ActiveCfg = Debug|Any CPU
		{59586220-B366-438B-85EA-EFBE7426DDFE}.Debug|Any CPU.Build.0 = Debug|Any CPU
		{59586220-B366-438B-85EA-EFBE7426DDFE}.Debug|x64.ActiveCfg = Debug|Any CPU
		{59586220-B366-438B-85EA-EFBE7426DDFE}.Debug|x64.Build.0 = Debug|Any CPU
		{59586220-B366-438B-85EA-EFBE7426DDFE}.Debug|x86.ActiveCfg = Debug|Any CPU
		{59586220-B366-438B-85EA-EFBE7426DDFE}.Debug|x86.Build.0 = Debug|Any CPU
		{59586220-B366-438B-85EA-EFBE7426DDFE}.Release|Any CPU.ActiveCfg = Release|Any CPU
		{59586220-B366-438B-85EA-EFBE7426DDFE}.Release|Any CPU.Build.0 = Release|Any CPU
		{59586220-B366-438B-85EA-EFBE7426DDFE}.Release|x64.ActiveCfg = Release|Any CPU
		{59586220-B366-438B-85EA-EFBE7426DDFE}.Release|x64.Build.0 = Release|Any CPU
		{59586220-B366-438B-85EA-EFBE7426DDFE}.Release|x86.ActiveCfg = Release|Any CPU
		{59586220-B366-438B-85EA-EFBE7426DDFE}.Release|x86.Build.0 = Release|Any CPU
		{FF5B9C74-408E-472A-9E8A-BCB33E5DD616}.Debug|Any CPU.ActiveCfg = Debug|Any CPU
		{FF5B9C74-408E-472A-9E8A-BCB33E5DD616}.Debug|Any CPU.Build.0 = Debug|Any CPU
		{FF5B9C74-408E-472A-9E8A-BCB33E5DD616}.Debug|x64.ActiveCfg = Debug|Any CPU
		{FF5B9C74-408E-472A-9E8A-BCB33E5DD616}.Debug|x64.Build.0 = Debug|Any CPU
		{FF5B9C74-408E-472A-9E8A-BCB33E5DD616}.Debug|x86.ActiveCfg = Debug|Any CPU
		{FF5B9C74-408E-472A-9E8A-BCB33E5DD616}.Debug|x86.Build.0 = Debug|Any CPU
		{FF5B9C74-408E-472A-9E8A-BCB33E5DD616}.Release|Any CPU.ActiveCfg = Release|Any CPU
		{FF5B9C74-408E-472A-9E8A-BCB33E5DD616}.Release|Any CPU.Build.0 = Release|Any CPU
		{FF5B9C74-408E-472A-9E8A-BCB33E5DD616}.Release|x64.ActiveCfg = Release|Any CPU
		{FF5B9C74-408E-472A-9E8A-BCB33E5DD616}.Release|x64.Build.0 = Release|Any CPU
		{FF5B9C74-408E-472A-9E8A-BCB33E5DD616}.Release|x86.ActiveCfg = Release|Any CPU
		{FF5B9C74-408E-472A-9E8A-BCB33E5DD616}.Release|x86.Build.0 = Release|Any CPU
		{9EC0181E-4201-4F4A-B989-84B6CECBD09C}.Debug|Any CPU.ActiveCfg = Debug|Any CPU
		{9EC0181E-4201-4F4A-B989-84B6CECBD09C}.Debug|Any CPU.Build.0 = Debug|Any CPU
		{9EC0181E-4201-4F4A-B989-84B6CECBD09C}.Debug|x64.ActiveCfg = Debug|Any CPU
		{9EC0181E-4201-4F4A-B989-84B6CECBD09C}.Debug|x64.Build.0 = Debug|Any CPU
		{9EC0181E-4201-4F4A-B989-84B6CECBD09C}.Debug|x86.ActiveCfg = Debug|Any CPU
		{9EC0181E-4201-4F4A-B989-84B6CECBD09C}.Debug|x86.Build.0 = Debug|Any CPU
		{9EC0181E-4201-4F4A-B989-84B6CECBD09C}.Release|Any CPU.ActiveCfg = Release|Any CPU
		{9EC0181E-4201-4F4A-B989-84B6CECBD09C}.Release|Any CPU.Build.0 = Release|Any CPU
		{9EC0181E-4201-4F4A-B989-84B6CECBD09C}.Release|x64.ActiveCfg = Release|Any CPU
		{9EC0181E-4201-4F4A-B989-84B6CECBD09C}.Release|x64.Build.0 = Release|Any CPU
		{9EC0181E-4201-4F4A-B989-84B6CECBD09C}.Release|x86.ActiveCfg = Release|Any CPU
		{9EC0181E-4201-4F4A-B989-84B6CECBD09C}.Release|x86.Build.0 = Release|Any CPU
		{C0F41AE3-921F-4C04-8462-AAA5A03FDBDB}.Debug|Any CPU.ActiveCfg = Debug|Any CPU
		{C0F41AE3-921F-4C04-8462-AAA5A03FDBDB}.Debug|Any CPU.Build.0 = Debug|Any CPU
		{C0F41AE3-921F-4C04-8462-AAA5A03FDBDB}.Debug|x64.ActiveCfg = Debug|Any CPU
		{C0F41AE3-921F-4C04-8462-AAA5A03FDBDB}.Debug|x64.Build.0 = Debug|Any CPU
		{C0F41AE3-921F-4C04-8462-AAA5A03FDBDB}.Debug|x86.ActiveCfg = Debug|Any CPU
		{C0F41AE3-921F-4C04-8462-AAA5A03FDBDB}.Debug|x86.Build.0 = Debug|Any CPU
		{C0F41AE3-921F-4C04-8462-AAA5A03FDBDB}.Release|Any CPU.ActiveCfg = Release|Any CPU
		{C0F41AE3-921F-4C04-8462-AAA5A03FDBDB}.Release|Any CPU.Build.0 = Release|Any CPU
		{C0F41AE3-921F-4C04-8462-AAA5A03FDBDB}.Release|x64.ActiveCfg = Release|Any CPU
		{C0F41AE3-921F-4C04-8462-AAA5A03FDBDB}.Release|x64.Build.0 = Release|Any CPU
		{C0F41AE3-921F-4C04-8462-AAA5A03FDBDB}.Release|x86.ActiveCfg = Release|Any CPU
		{C0F41AE3-921F-4C04-8462-AAA5A03FDBDB}.Release|x86.Build.0 = Release|Any CPU
		{25909F5E-BD23-4A45-9CC9-F538B835F357}.Debug|Any CPU.ActiveCfg = Debug|Any CPU
		{25909F5E-BD23-4A45-9CC9-F538B835F357}.Debug|Any CPU.Build.0 = Debug|Any CPU
		{25909F5E-BD23-4A45-9CC9-F538B835F357}.Debug|x64.ActiveCfg = Debug|Any CPU
		{25909F5E-BD23-4A45-9CC9-F538B835F357}.Debug|x64.Build.0 = Debug|Any CPU
		{25909F5E-BD23-4A45-9CC9-F538B835F357}.Debug|x86.ActiveCfg = Debug|Any CPU
		{25909F5E-BD23-4A45-9CC9-F538B835F357}.Debug|x86.Build.0 = Debug|Any CPU
		{25909F5E-BD23-4A45-9CC9-F538B835F357}.Release|Any CPU.ActiveCfg = Release|Any CPU
		{25909F5E-BD23-4A45-9CC9-F538B835F357}.Release|Any CPU.Build.0 = Release|Any CPU
		{25909F5E-BD23-4A45-9CC9-F538B835F357}.Release|x64.ActiveCfg = Release|Any CPU
		{25909F5E-BD23-4A45-9CC9-F538B835F357}.Release|x64.Build.0 = Release|Any CPU
		{25909F5E-BD23-4A45-9CC9-F538B835F357}.Release|x86.ActiveCfg = Release|Any CPU
		{25909F5E-BD23-4A45-9CC9-F538B835F357}.Release|x86.Build.0 = Release|Any CPU
		{FCB8BA1B-EA28-4546-8137-63A881DFF193}.Debug|Any CPU.ActiveCfg = Debug|Any CPU
		{FCB8BA1B-EA28-4546-8137-63A881DFF193}.Debug|Any CPU.Build.0 = Debug|Any CPU
		{FCB8BA1B-EA28-4546-8137-63A881DFF193}.Debug|x64.ActiveCfg = Debug|Any CPU
		{FCB8BA1B-EA28-4546-8137-63A881DFF193}.Debug|x64.Build.0 = Debug|Any CPU
		{FCB8BA1B-EA28-4546-8137-63A881DFF193}.Debug|x86.ActiveCfg = Debug|Any CPU
		{FCB8BA1B-EA28-4546-8137-63A881DFF193}.Debug|x86.Build.0 = Debug|Any CPU
		{FCB8BA1B-EA28-4546-8137-63A881DFF193}.Release|Any CPU.ActiveCfg = Release|Any CPU
		{FCB8BA1B-EA28-4546-8137-63A881DFF193}.Release|Any CPU.Build.0 = Release|Any CPU
		{FCB8BA1B-EA28-4546-8137-63A881DFF193}.Release|x64.ActiveCfg = Release|Any CPU
		{FCB8BA1B-EA28-4546-8137-63A881DFF193}.Release|x64.Build.0 = Release|Any CPU
		{FCB8BA1B-EA28-4546-8137-63A881DFF193}.Release|x86.ActiveCfg = Release|Any CPU
		{FCB8BA1B-EA28-4546-8137-63A881DFF193}.Release|x86.Build.0 = Release|Any CPU
	EndGlobalSection
	GlobalSection(NestedProjects) = preSolution
		{C4B56ED6-1500-46F4-BFC6-9C1EBE79C44B} = {A7A617F4-0613-4EBF-99C6-3C9380794DC9}
		{7ADF2180-B079-4055-8514-6E8FFAE36FE1} = {A7A617F4-0613-4EBF-99C6-3C9380794DC9}
		{3B26F0F6-AAD2-4723-9FEE-D6639CEF481E} = {A7A617F4-0613-4EBF-99C6-3C9380794DC9}
		{59586220-B366-438B-85EA-EFBE7426DDFE} = {A7A617F4-0613-4EBF-99C6-3C9380794DC9}
		{FF5B9C74-408E-472A-9E8A-BCB33E5DD616} = {2434EEF6-E95C-49F9-BDE7-24ECB1EB136C}
		{9EC0181E-4201-4F4A-B989-84B6CECBD09C} = {2434EEF6-E95C-49F9-BDE7-24ECB1EB136C}
		{C0F41AE3-921F-4C04-8462-AAA5A03FDBDB} = {2434EEF6-E95C-49F9-BDE7-24ECB1EB136C}
		{25909F5E-BD23-4A45-9CC9-F538B835F357} = {2434EEF6-E95C-49F9-BDE7-24ECB1EB136C}
		{FCB8BA1B-EA28-4546-8137-63A881DFF193} = {2434EEF6-E95C-49F9-BDE7-24ECB1EB136C}
	EndGlobalSection
EndGlobal
